schema: '2.0'
stages:
  data_ingestion:
    cmd: python src/data/data_ingestion.py
    deps:
    - path: src/data/data_ingestion.py
      hash: md5
      md5: ede598095d129ffacaaa563a95c02015
      size: 4723
    params:
      params.yaml:
        data_ingestion.test_size: 0.2
    outs:
    - path: artifacts/data
      hash: md5
      md5: e13bcce40396cd334c8a7a334868166a.dir
      size: 6919701
      nfiles: 2
  data_preprocessing:
    cmd: python src/data/data_preprocessing.py
    deps:
    - path: artifacts/data/test.csv
      hash: md5
      md5: ea97ba82a4a25627bf4ffb52572484ea
      size: 1348612
    - path: artifacts/data/train.csv
      hash: md5
      md5: 1bd422dd6d135bced1d6c64a3e84a45d
      size: 5571089
    - path: src/data/data_preprocessing.py
      hash: md5
      md5: 061672adec4138c4cabb17fb90ec7a5e
      size: 7455
    outs:
    - path: artifacts/interim
      hash: md5
      md5: 730a3ae596c4ec80624b1344a667445c.dir
      size: 5035766
      nfiles: 2
  model_building:
    cmd: python src/model/model_building.py
    deps:
    - path: artifacts/interim/train_processed.csv
      hash: md5
      md5: f078f9506a4779f166e6f595b5f5b41f
      size: 4054128
    - path: src/model/model_building.py
      hash: md5
      md5: 77dc2519dc7e231719127dedeb107a24
      size: 5467
    params:
      params.yaml:
        model_building.learning_rate: 0.08
        model_building.max_depth: 20
        model_building.max_features: 10000
        model_building.n_estimators: 350
        model_building.ngram_range:
        - 1
        - 3
    outs:
    - path: artifacts/models
      hash: md5
      md5: e79285d2a1e51a2dd8e16be5ad675ec4.dir
      size: 4349846
      nfiles: 2
  model_evaluation:
    cmd: python src/model/model_evaluation.py
    deps:
    - path: artifacts/interim/test_processed.csv
      hash: md5
      md5: b1a8f2f16ca79190c6df3dcdf6e006f0
      size: 981638
    - path: artifacts/interim/train_processed.csv
      hash: md5
      md5: f078f9506a4779f166e6f595b5f5b41f
      size: 4054128
    - path: artifacts/models/lgbm_model.pkl
      hash: md5
      md5: 9b0be945e24ddbc8d535a05e3ffee69d
      size: 4005368
    - path: artifacts/models/tfidf_vectorizer.pkl
      hash: md5
      md5: 523b02a0931666fa99273f30ad5bce0f
      size: 344478
    - path: src/model/model_evaluation.py
      hash: md5
      md5: d789e4ea5699b649a745c7a0442af8c4
      size: 12102
  model_registration:
    cmd: python src/model/register_model.py
    deps:
    - path: artifacts/interim/test_processed.csv
      hash: md5
      md5: b1a8f2f16ca79190c6df3dcdf6e006f0
      size: 981638
    - path: artifacts/models/lgbm_model.pkl
      hash: md5
      md5: 9b0be945e24ddbc8d535a05e3ffee69d
      size: 4005368
    - path: artifacts/models/tfidf_vectorizer.pkl
      hash: md5
      md5: 523b02a0931666fa99273f30ad5bce0f
      size: 344478
    - path: experiment_info.json
      hash: md5
      md5: 73697ad3e264b2688f752fab3bba20e4
      size: 135
    - path: src/model/register_model.py
      hash: md5
      md5: 15bed592904342c0969195ad74ee1821
      size: 7620
    outs:
    - path: model_registration_info.json
      hash: md5
      md5: 926b8d0ce0179e8dccca589036a3e42b
      size: 380
